
Microsoft Visual Studio Solution File, Format Version 12.00
# Visual Studio 2015
Project("{FAE04EC0-301F-11D3-BF4B-00C04F79EFBC}") = "Pet.CSharp", "Pet.CSharp.csproj", "{FF5FD8BB-D7F4-ADE1-FF12-488391574156}"
EndProject
Global
	GlobalSection(SolutionConfigurationPlatforms) = preSolution
		Debug|Any CPU = Debug|Any CPU
		Release|Any CPU = Release|Any CPU
	EndGlobalSection
	GlobalSection(ProjectConfigurationPlatforms) = postSolution
		{FF5FD8BB-D7F4-ADE1-FF12-488391574156}.Debug|Any CPU.ActiveCfg = Debug|Any CPU
		{FF5FD8BB-D7F4-ADE1-FF12-488391574156}.Debug|Any CPU.Build.0 = Debug|Any CPU
		{FF5FD8BB-D7F4-ADE1-FF12-488391574156}.Release|Any CPU.ActiveCfg = Release|Any CPU
		{FF5FD8BB-D7F4-ADE1-FF12-488391574156}.Release|Any CPU.Build.0 = Release|Any CPU
	EndGlobalSection
	GlobalSection(SolutionProperties) = preSolution
		HideSolutionNode = FALSE
	EndGlobalSection
EndGlobal
